
Microsoft Visual Studio Solution File, Format Version 12.00
# Visual Studio Version 16
VisualStudioVersion = 16.0.34031.81
MinimumVisualStudioVersion = 10.0.40219.1
Project("{FAE04EC0-301F-11D3-BF4B-00C04F79EFBC}") = "TieuLuanQuanNet", "TieuLuanQuanNet\TieuLuanQuanNet.csproj", "{39D58167-81CC-4DB6-93E5-9E6ECB29901D}"
EndProject
Global
	GlobalSection(SolutionConfigurationPlatforms) = preSolution
		Debug|Any CPU = Debug|Any CPU
		Release|Any CPU = Release|Any CPU
	EndGlobalSection
	GlobalSection(ProjectConfigurationPlatforms) = postSolution
		{39D58167-81CC-4DB6-93E5-9E6ECB29901D}.Debug|Any CPU.ActiveCfg = Debug|Any CPU
		{39D58167-81CC-4DB6-93E5-9E6ECB29901D}.Debug|Any CPU.Build.0 = Debug|Any CPU
		{39D58167-81CC-4DB6-93E5-9E6ECB29901D}.Release|Any CPU.ActiveCfg = Release|Any CPU
		{39D58167-81CC-4DB6-93E5-9E6ECB29901D}.Release|Any CPU.Build.0 = Release|Any CPU
	EndGlobalSection
	GlobalSection(SolutionProperties) = preSolution
		HideSolutionNode = FALSE
	EndGlobalSection
	GlobalSection(ExtensibilityGlobals) = postSolution
		SolutionGuid = {F5D3C23B-783B-4F6F-94F0-C3A12DF71C34}
	EndGlobalSection
EndGlobal
